{
  "version": 4,
  "terraform_version": "0.12.24",
  "serial": 6,
  "lineage": "aa960368-d02b-a663-05b1-a3cc1986505f",
  "outputs": {
    "Container_Name": {
      "value": "dev_blog",
      "type": "string"
    },
    "IP_Address": {
      "value": "172.17.0.2",
      "type": "string"
    }
  },
  "resources": [
    {
      "module": "module.image",
      "mode": "managed",
      "type": "docker_image",
      "name": "image_id",
      "provider": "provider.docker",
      "instances": [
        {
          "schema_version": 0,
          "attributes": {
            "id": "sha256:8770967d98fca56255561702a389f8e54193fc808bb697be110cc9e4d55606fbghost:alpine",
            "keep_locally": null,
            "latest": "sha256:8770967d98fca56255561702a389f8e54193fc808bb697be110cc9e4d55606fb",
            "name": "ghost:alpine",
            "pull_trigger": null,
            "pull_triggers": null
          },
          "private": "bnVsbA=="
        }
      ]
    }
  ]
}
